
Microsoft Visual Studio Solution File, Format Version 12.00
# Visual Studio Version 17
VisualStudioVersion = 17.11.35327.3
MinimumVisualStudioVersion = 10.0.40219.1
Project("{FAE04EC0-301F-11D3-BF4B-00C04F79EFBC}") = "Backend-Lab2-RESTAPI", "Backend-Lab2-RESTAPI\Backend-Lab2-RESTAPI.csproj", "{861D9497-CECA-4DFF-AAD0-3830F33FD3C3}"
EndProject
Global
	GlobalSection(SolutionConfigurationPlatforms) = preSolution
		Debug|Any CPU = Debug|Any CPU
		Release|Any CPU = Release|Any CPU
	EndGlobalSection
	GlobalSection(ProjectConfigurationPlatforms) = postSolution
		{861D9497-CECA-4DFF-AAD0-3830F33FD3C3}.Debug|Any CPU.ActiveCfg = Debug|Any CPU
		{861D9497-CECA-4DFF-AAD0-3830F33FD3C3}.Debug|Any CPU.Build.0 = Debug|Any CPU
		{861D9497-CECA-4DFF-AAD0-3830F33FD3C3}.Release|Any CPU.ActiveCfg = Release|Any CPU
		{861D9497-CECA-4DFF-AAD0-3830F33FD3C3}.Release|Any CPU.Build.0 = Release|Any CPU
	EndGlobalSection
	GlobalSection(SolutionProperties) = preSolution
		HideSolutionNode = FALSE
	EndGlobalSection
	GlobalSection(ExtensibilityGlobals) = postSolution
		SolutionGuid = {D3ABB0A9-0DD0-41F0-970C-05095F9CDA23}
	EndGlobalSection
EndGlobal
